
Microsoft Visual Studio Solution File, Format Version 12.00
# Visual Studio 15
VisualStudioVersion = 15.0.28307.1022
MinimumVisualStudioVersion = 10.0.40219.1
Project("{FAE04EC0-301F-11D3-BF4B-00C04F79EFBC}") = "CS_Step234", "CS_Step234\CS_Step234.csproj", "{DAED16FE-B954-49E4-89D9-019EDF39E471}"
EndProject
Global
	GlobalSection(SolutionConfigurationPlatforms) = preSolution
		Debug|Any CPU = Debug|Any CPU
		Release|Any CPU = Release|Any CPU
	EndGlobalSection
	GlobalSection(ProjectConfigurationPlatforms) = postSolution
		{DAED16FE-B954-49E4-89D9-019EDF39E471}.Debug|Any CPU.ActiveCfg = Debug|Any CPU
		{DAED16FE-B954-49E4-89D9-019EDF39E471}.Debug|Any CPU.Build.0 = Debug|Any CPU
		{DAED16FE-B954-49E4-89D9-019EDF39E471}.Release|Any CPU.ActiveCfg = Release|Any CPU
		{DAED16FE-B954-49E4-89D9-019EDF39E471}.Release|Any CPU.Build.0 = Release|Any CPU
	EndGlobalSection
	GlobalSection(SolutionProperties) = preSolution
		HideSolutionNode = FALSE
	EndGlobalSection
	GlobalSection(ExtensibilityGlobals) = postSolution
		SolutionGuid = {173E657A-8D51-4B81-A377-274D6835E0DD}
	EndGlobalSection
EndGlobal
